// !$*UTF8*$!
{
	archiveVersion = 1;
	classes = {
	};
	objectVersion = 46;
	objects = {

/* Begin PBXBuildFile section */
		046A294B14E4498300EE6DA9 /* UIKit.framework in Frameworks */ = {isa = PBXBuildFile; fileRef = 046A294A14E4498300EE6DA9 /* UIKit.framework */; };
		046A294D14E4498300EE6DA9 /* Foundation.framework in Frameworks */ = {isa = PBXBuildFile; fileRef = 046A294C14E4498300EE6DA9 /* Foundation.framework */; };
		046A294F14E4498300EE6DA9 /* CoreGraphics.framework in Frameworks */ = {isa = PBXBuildFile; fileRef = 046A294E14E4498300EE6DA9 /* CoreGraphics.framework */; };
		046A295514E4498300EE6DA9 /* InfoPlist.strings in Resources */ = {isa = PBXBuildFile; fileRef = 046A295314E4498300EE6DA9 /* InfoPlist.strings */; };
		046A295714E4498300EE6DA9 /* main.m in Sources */ = {isa = PBXBuildFile; fileRef = 046A295614E4498300EE6DA9 /* main.m */; };
		046A295B14E4498400EE6DA9 /* RPNAppDelegate.m in Sources */ = {isa = PBXBuildFile; fileRef = 046A295A14E4498400EE6DA9 /* RPNAppDelegate.m */; };
		046A295E14E4498400EE6DA9 /* MainStoryboard.storyboard in Resources */ = {isa = PBXBuildFile; fileRef = 046A295C14E4498400EE6DA9 /* MainStoryboard.storyboard */; };
		046A296114E4498400EE6DA9 /* RPNViewController.m in Sources */ = {isa = PBXBuildFile; fileRef = 046A296014E4498400EE6DA9 /* RPNViewController.m */; };
		046A296914E4498400EE6DA9 /* SenTestingKit.framework in Frameworks */ = {isa = PBXBuildFile; fileRef = 046A296814E4498400EE6DA9 /* SenTestingKit.framework */; };
		046A296A14E4498400EE6DA9 /* UIKit.framework in Frameworks */ = {isa = PBXBuildFile; fileRef = 046A294A14E4498300EE6DA9 /* UIKit.framework */; };
		046A296B14E4498400EE6DA9 /* Foundation.framework in Frameworks */ = {isa = PBXBuildFile; fileRef = 046A294C14E4498300EE6DA9 /* Foundation.framework */; };
		046A297314E4498400EE6DA9 /* InfoPlist.strings in Resources */ = {isa = PBXBuildFile; fileRef = 046A297114E4498400EE6DA9 /* InfoPlist.strings */; };
		046A297614E4498400EE6DA9 /* RPNCalculatorTests.m in Sources */ = {isa = PBXBuildFile; fileRef = 046A297514E4498400EE6DA9 /* RPNCalculatorTests.m */; };
/* End PBXBuildFile section */

/* Begin PBXContainerItemProxy section */
		046A296C14E4498400EE6DA9 /* PBXContainerItemProxy */ = {
			isa = PBXContainerItemProxy;
			containerPortal = 046A293D14E4498300EE6DA9 /* Project object */;
			proxyType = 1;
			remoteGlobalIDString = 046A294514E4498300EE6DA9;
			remoteInfo = RPNCalculator;
		};
/* End PBXContainerItemProxy section */

/* Begin PBXFileReference section */
		046A294614E4498300EE6DA9 /* RPNCalculator.app */ = {isa = PBXFileReference; explicitFileType = wrapper.application; includeInIndex = 0; path = RPNCalculator.app; sourceTree = BUILT_PRODUCTS_DIR; };
		046A294A14E4498300EE6DA9 /* UIKit.framework */ = {isa = PBXFileReference; lastKnownFileType = wrapper.framework; name = UIKit.framework; path = System/Library/Frameworks/UIKit.framework; sourceTree = SDKROOT; };
		046A294C14E4498300EE6DA9 /* Foundation.framework */ = {isa = PBXFileReference; lastKnownFileType = wrapper.framework; name = Foundation.framework; path = System/Library/Frameworks/Foundation.framework; sourceTree = SDKROOT; };
		046A294E14E4498300EE6DA9 /* CoreGraphics.framework */ = {isa = PBXFileReference; lastKnownFileType = wrapper.framework; name = CoreGraphics.framework; path = System/Library/Frameworks/CoreGraphics.framework; sourceTree = SDKROOT; };
		046A295214E4498300EE6DA9 /* RPNCalculator-Info.plist */ = {isa = PBXFileReference; lastKnownFileType = text.plist.xml; path = "RPNCalculator-Info.plist"; sourceTree = "<group>"; };
		046A295414E4498300EE6DA9 /* en */ = {isa = PBXFileReference; lastKnownFileType = text.plist.strings; name = en; path = en.lproj/InfoPlist.strings; sourceTree = "<group>"; };
		046A295614E4498300EE6DA9 /* main.m */ = {isa = PBXFileReference; lastKnownFileType = sourcecode.c.objc; path = main.m; sourceTree = "<group>"; };
		046A295814E4498300EE6DA9 /* RPNCalculator-Prefix.pch */ = {isa = PBXFileReference; lastKnownFileType = sourcecode.c.h; path = "RPNCalculator-Prefix.pch"; sourceTree = "<group>"; };
		046A295914E4498300EE6DA9 /* RPNAppDelegate.h */ = {isa = PBXFileReference; lastKnownFileType = sourcecode.c.h; path = RPNAppDelegate.h; sourceTree = "<group>"; };
		046A295A14E4498400EE6DA9 /* RPNAppDelegate.m */ = {isa = PBXFileReference; lastKnownFileType = sourcecode.c.objc; path = RPNAppDelegate.m; sourceTree = "<group>"; };
		046A295D14E4498400EE6DA9 /* en */ = {isa = PBXFileReference; lastKnownFileType = file.storyboard; name = en; path = en.lproj/MainStoryboard.storyboard; sourceTree = "<group>"; };
		046A295F14E4498400EE6DA9 /* RPNViewController.h */ = {isa = PBXFileReference; lastKnownFileType = sourcecode.c.h; path = RPNViewController.h; sourceTree = "<group>"; };
		046A296014E4498400EE6DA9 /* RPNViewController.m */ = {isa = PBXFileReference; lastKnownFileType = sourcecode.c.objc; path = RPNViewController.m; sourceTree = "<group>"; };
		046A296714E4498400EE6DA9 /* RPNCalculatorTests.octest */ = {isa = PBXFileReference; explicitFileType = wrapper.cfbundle; includeInIndex = 0; path = RPNCalculatorTests.octest; sourceTree = BUILT_PRODUCTS_DIR; };
		046A296814E4498400EE6DA9 /* SenTestingKit.framework */ = {isa = PBXFileReference; lastKnownFileType = wrapper.framework; name = SenTestingKit.framework; path = Library/Frameworks/SenTestingKit.framework; sourceTree = DEVELOPER_DIR; };
		046A297014E4498400EE6DA9 /* RPNCalculatorTests-Info.plist */ = {isa = PBXFileReference; lastKnownFileType = text.plist.xml; path = "RPNCalculatorTests-Info.plist"; sourceTree = "<group>"; };
		046A297214E4498400EE6DA9 /* en */ = {isa = PBXFileReference; lastKnownFileType = text.plist.strings; name = en; path = en.lproj/InfoPlist.strings; sourceTree = "<group>"; };
		046A297414E4498400EE6DA9 /* RPNCalculatorTests.h */ = {isa = PBXFileReference; lastKnownFileType = sourcecode.c.h; path = RPNCalculatorTests.h; sourceTree = "<group>"; };
		046A297514E4498400EE6DA9 /* RPNCalculatorTests.m */ = {isa = PBXFileReference; lastKnownFileType = sourcecode.c.objc; path = RPNCalculatorTests.m; sourceTree = "<group>"; };
/* End PBXFileReference section */

/* Begin PBXFrameworksBuildPhase section */
		046A294314E4498300EE6DA9 /* Frameworks */ = {
			isa = PBXFrameworksBuildPhase;
			buildActionMask = 2147483647;
			files = (
				046A294B14E4498300EE6DA9 /* UIKit.framework in Frameworks */,
				046A294D14E4498300EE6DA9 /* Foundation.framework in Frameworks */,
				046A294F14E4498300EE6DA9 /* CoreGraphics.framework in Frameworks */,
			);
			runOnlyForDeploymentPostprocessing = 0;
		};
		046A296314E4498400EE6DA9 /* Frameworks */ = {
			isa = PBXFrameworksBuildPhase;
			buildActionMask = 2147483647;
			files = (
				046A296914E4498400EE6DA9 /* SenTestingKit.framework in Frameworks */,
				046A296A14E4498400EE6DA9 /* UIKit.framework in Frameworks */,
				046A296B14E4498400EE6DA9 /* Foundation.framework in Frameworks */,
			);
			runOnlyForDeploymentPostprocessing = 0;
		};
/* End PBXFrameworksBuildPhase section */

/* Begin PBXGroup section */
		046A293B14E4498300EE6DA9 = {
			isa = PBXGroup;
			children = (
				046A295014E4498300EE6DA9 /* RPNCalculator */,
				046A296E14E4498400EE6DA9 /* RPNCalculatorTests */,
				046A294914E4498300EE6DA9 /* Frameworks */,
				046A294714E4498300EE6DA9 /* Products */,
			);
			sourceTree = "<group>";
		};
		046A294714E4498300EE6DA9 /* Products */ = {
			isa = PBXGroup;
			children = (
				046A294614E4498300EE6DA9 /* RPNCalculator.app */,
				046A296714E4498400EE6DA9 /* RPNCalculatorTests.octest */,
			);
			name = Products;
			sourceTree = "<group>";
		};
		046A294914E4498300EE6DA9 /* Frameworks */ = {
			isa = PBXGroup;
			children = (
				046A294A14E4498300EE6DA9 /* UIKit.framework */,
				046A294C14E4498300EE6DA9 /* Foundation.framework */,
				046A294E14E4498300EE6DA9 /* CoreGraphics.framework */,
				046A296814E4498400EE6DA9 /* SenTestingKit.framework */,
			);
			name = Frameworks;
			sourceTree = "<group>";
		};
		046A295014E4498300EE6DA9 /* RPNCalculator */ = {
			isa = PBXGroup;
			children = (
				046A295914E4498300EE6DA9 /* RPNAppDelegate.h */,
				046A295A14E4498400EE6DA9 /* RPNAppDelegate.m */,
				046A295C14E4498400EE6DA9 /* MainStoryboard.storyboard */,
				046A295F14E4498400EE6DA9 /* RPNViewController.h */,
				046A296014E4498400EE6DA9 /* RPNViewController.m */,
				046A295114E4498300EE6DA9 /* Supporting Files */,
			);
			path = RPNCalculator;
			sourceTree = "<group>";
		};
		046A295114E4498300EE6DA9 /* Supporting Files */ = {
			isa = PBXGroup;
			children = (
				046A295214E4498300EE6DA9 /* RPNCalculator-Info.plist */,
				046A295314E4498300EE6DA9 /* InfoPlist.strings */,
				046A295614E4498300EE6DA9 /* main.m */,
				046A295814E4498300EE6DA9 /* RPNCalculator-Prefix.pch */,
			);
			name = "Supporting Files";
			sourceTree = "<group>";
		};
		046A296E14E4498400EE6DA9 /* RPNCalculatorTests */ = {
			isa = PBXGroup;
			children = (
				046A297414E4498400EE6DA9 /* RPNCalculatorTests.h */,
				046A297514E4498400EE6DA9 /* RPNCalculatorTests.m */,
				046A296F14E4498400EE6DA9 /* Supporting Files */,
			);
			path = RPNCalculatorTests;
			sourceTree = "<group>";
		};
		046A296F14E4498400EE6DA9 /* Supporting Files */ = {
			isa = PBXGroup;
			children = (
				046A297014E4498400EE6DA9 /* RPNCalculatorTests-Info.plist */,
				046A297114E4498400EE6DA9 /* InfoPlist.strings */,
			);
			name = "Supporting Files";
			sourceTree = "<group>";
		};
/* End PBXGroup section */

/* Begin PBXNativeTarget section */
		046A294514E4498300EE6DA9 /* RPNCalculator */ = {
			isa = PBXNativeTarget;
			buildConfigurationList = 046A297914E4498400EE6DA9 /* Build configuration list for PBXNativeTarget "RPNCalculator" */;
			buildPhases = (
				046A294214E4498300EE6DA9 /* Sources */,
				046A294314E4498300EE6DA9 /* Frameworks */,
				046A294414E4498300EE6DA9 /* Resources */,
			);
			buildRules = (
			);
			dependencies = (
			);
			name = RPNCalculator;
			productName = RPNCalculator;
			productReference = 046A294614E4498300EE6DA9 /* RPNCalculator.app */;
			productType = "com.apple.product-type.application";
		};
		046A296614E4498400EE6DA9 /* RPNCalculatorTests */ = {
			isa = PBXNativeTarget;
			buildConfigurationList = 046A297C14E4498400EE6DA9 /* Build configuration list for PBXNativeTarget "RPNCalculatorTests" */;
			buildPhases = (
				046A296214E4498400EE6DA9 /* Sources */,
				046A296314E4498400EE6DA9 /* Frameworks */,
				046A296414E4498400EE6DA9 /* Resources */,
				046A296514E4498400EE6DA9 /* ShellScript */,
			);
			buildRules = (
			);
			dependencies = (
				046A296D14E4498400EE6DA9 /* PBXTargetDependency */,
			);
			name = RPNCalculatorTests;
			productName = RPNCalculatorTests;
			productReference = 046A296714E4498400EE6DA9 /* RPNCalculatorTests.octest */;
			productType = "com.apple.product-type.bundle";
		};
/* End PBXNativeTarget section */

/* Begin PBXProject section */
		046A293D14E4498300EE6DA9 /* Project object */ = {
			isa = PBXProject;
			attributes = {
				LastUpgradeCheck = 0420;
			};
			buildConfigurationList = 046A294014E4498300EE6DA9 /* Build configuration list for PBXProject "RPNCalculator" */;
			compatibilityVersion = "Xcode 3.2";
			developmentRegion = English;
			hasScannedForEncodings = 0;
			knownRegions = (
				en,
			);
			mainGroup = 046A293B14E4498300EE6DA9;
			productRefGroup = 046A294714E4498300EE6DA9 /* Products */;
			projectDirPath = "";
			projectRoot = "";
			targets = (
				046A294514E4498300EE6DA9 /* RPNCalculator */,
				046A296614E4498400EE6DA9 /* RPNCalculatorTests */,
			);
		};
/* End PBXProject section */

/* Begin PBXResourcesBuildPhase section */
		046A294414E4498300EE6DA9 /* Resources */ = {
			isa = PBXResourcesBuildPhase;
			buildActionMask = 2147483647;
			files = (
				046A295514E4498300EE6DA9 /* InfoPlist.strings in Resources */,
				046A295E14E4498400EE6DA9 /* MainStoryboard.storyboard in Resources */,
			);
			runOnlyForDeploymentPostprocessing = 0;
		};
		046A296414E4498400EE6DA9 /* Resources */ = {
			isa = PBXResourcesBuildPhase;
			buildActionMask = 2147483647;
			files = (
				046A297314E4498400EE6DA9 /* InfoPlist.strings in Resources */,
			);
			runOnlyForDeploymentPostprocessing = 0;
		};
/* End PBXResourcesBuildPhase section */

/* Begin PBXShellScriptBuildPhase section */
		046A296514E4498400EE6DA9 /* ShellScript */ = {
			isa = PBXShellScriptBuildPhase;
			buildActionMask = 2147483647;
			files = (
			);
			inputPaths = (
			);
			outputPaths = (
			);
			runOnlyForDeploymentPostprocessing = 0;
			shellPath = /bin/sh;
			shellScript = "# Run the unit tests in this test bundle.\n\"${SYSTEM_DEVELOPER_DIR}/Tools/RunUnitTests\"\n";
		};
/* End PBXShellScriptBuildPhase section */

/* Begin PBXSourcesBuildPhase section */
		046A294214E4498300EE6DA9 /* Sources */ = {
			isa = PBXSourcesBuildPhase;
			buildActionMask = 2147483647;
			files = (
				046A295714E4498300EE6DA9 /* main.m in Sources */,
				046A295B14E4498400EE6DA9 /* RPNAppDelegate.m in Sources */,
				046A296114E4498400EE6DA9 /* RPNViewController.m in Sources */,
			);
			runOnlyForDeploymentPostprocessing = 0;
		};
		046A296214E4498400EE6DA9 /* Sources */ = {
			isa = PBXSourcesBuildPhase;
			buildActionMask = 2147483647;
			files = (
				046A297614E4498400EE6DA9 /* RPNCalculatorTests.m in Sources */,
			);
			runOnlyForDeploymentPostprocessing = 0;
		};
/* End PBXSourcesBuildPhase section */

/* Begin PBXTargetDependency section */
		046A296D14E4498400EE6DA9 /* PBXTargetDependency */ = {
			isa = PBXTargetDependency;
			target = 046A294514E4498300EE6DA9 /* RPNCalculator */;
			targetProxy = 046A296C14E4498400EE6DA9 /* PBXContainerItemProxy */;
		};
/* End PBXTargetDependency section */

/* Begin PBXVariantGroup section */
		046A295314E4498300EE6DA9 /* InfoPlist.strings */ = {
			isa = PBXVariantGroup;
			children = (
				046A295414E4498300EE6DA9 /* en */,
			);
			name = InfoPlist.strings;
			sourceTree = "<group>";
		};
		046A295C14E4498400EE6DA9 /* MainStoryboard.storyboard */ = {
			isa = PBXVariantGroup;
			children = (
				046A295D14E4498400EE6DA9 /* en */,
			);
			name = MainStoryboard.storyboard;
			sourceTree = "<group>";
		};
		046A297114E4498400EE6DA9 /* InfoPlist.strings */ = {
			isa = PBXVariantGroup;
			children = (
				046A297214E4498400EE6DA9 /* en */,
			);
			name = InfoPlist.strings;
			sourceTree = "<group>";
		};
/* End PBXVariantGroup section */

/* Begin XCBuildConfiguration section */
		046A297714E4498400EE6DA9 /* Debug */ = {
			isa = XCBuildConfiguration;
			buildSettings = {
				ALWAYS_SEARCH_USER_PATHS = NO;
				ARCHS = "$(ARCHS_STANDARD_32_BIT)";
				CLANG_ENABLE_OBJC_ARC = YES;
				"CODE_SIGN_IDENTITY[sdk=iphoneos*]" = "iPhone Developer";
				COPY_PHASE_STRIP = NO;
				GCC_C_LANGUAGE_STANDARD = gnu99;
				GCC_DYNAMIC_NO_PIC = NO;
				GCC_OPTIMIZATION_LEVEL = 0;
				GCC_PREPROCESSOR_DEFINITIONS = (
					"DEBUG=1",
					"$(inherited)",
				);
				GCC_SYMBOLS_PRIVATE_EXTERN = NO;
				GCC_VERSION = com.apple.compilers.llvm.clang.1_0;
				GCC_WARN_ABOUT_MISSING_PROTOTYPES = YES;
				GCC_WARN_ABOUT_RETURN_TYPE = YES;
				GCC_WARN_UNUSED_VARIABLE = YES;
				IPHONEOS_DEPLOYMENT_TARGET = 5.0;
				SDKROOT = iphoneos;
			};
			name = Debug;
		};
		046A297814E4498400EE6DA9 /* Release */ = {
			isa = XCBuildConfiguration;
			buildSettings = {
				ALWAYS_SEARCH_USER_PATHS = NO;
				ARCHS = "$(ARCHS_STANDARD_32_BIT)";
				CLANG_ENABLE_OBJC_ARC = YES;
				"CODE_SIGN_IDENTITY[sdk=iphoneos*]" = "iPhone Developer";
				COPY_PHASE_STRIP = YES;
				GCC_C_LANGUAGE_STANDARD = gnu99;
				GCC_VERSION = com.apple.compilers.llvm.clang.1_0;
				GCC_WARN_ABOUT_MISSING_PROTOTYPES = YES;
				GCC_WARN_ABOUT_RETURN_TYPE = YES;
				GCC_WARN_UNUSED_VARIABLE = YES;
				IPHONEOS_DEPLOYMENT_TARGET = 5.0;
				OTHER_CFLAGS = "-DNS_BLOCK_ASSERTIONS=1";
				SDKROOT = iphoneos;
				VALIDATE_PRODUCT = YES;
			};
			name = Release;
		};
		046A297A14E4498400EE6DA9 /* Debug */ = {
			isa = XCBuildConfiguration;
			buildSettings = {
				GCC_PRECOMPILE_PREFIX_HEADER = YES;
				GCC_PREFIX_HEADER = "RPNCalculator/RPNCalculator-Prefix.pch";
				INFOPLIST_FILE = "RPNCalculator/RPNCalculator-Info.plist";
				PRODUCT_NAME = "$(TARGET_NAME)";
				WRAPPER_EXTENSION = app;
			};
			name = Debug;
		};
		046A297B14E4498400EE6DA9 /* Release */ = {
			isa = XCBuildConfiguration;
			buildSettings = {
				GCC_PRECOMPILE_PREFIX_HEADER = YES;
				GCC_PREFIX_HEADER = "RPNCalculator/RPNCalculator-Prefix.pch";
				INFOPLIST_FILE = "RPNCalculator/RPNCalculator-Info.plist";
				PRODUCT_NAME = "$(TARGET_NAME)";
				WRAPPER_EXTENSION = app;
			};
			name = Release;
		};
		046A297D14E4498400EE6DA9 /* Debug */ = {
			isa = XCBuildConfiguration;
			buildSettings = {
				BUNDLE_LOADER = "$(BUILT_PRODUCTS_DIR)/RPNCalculator.app/RPNCalculator";
				FRAMEWORK_SEARCH_PATHS = (
					"$(SDKROOT)/Developer/Library/Frameworks",
					"$(DEVELOPER_LIBRARY_DIR)/Frameworks",
				);
				GCC_PRECOMPILE_PREFIX_HEADER = YES;
				GCC_PREFIX_HEADER = "RPNCalculator/RPNCalculator-Prefix.pch";
				INFOPLIST_FILE = "RPNCalculatorTests/RPNCalculatorTests-Info.plist";
				PRODUCT_NAME = "$(TARGET_NAME)";
				TEST_HOST = "$(BUNDLE_LOADER)";
				WRAPPER_EXTENSION = octest;
			};
			name = Debug;
		};
		046A297E14E4498400EE6DA9 /* Release */ = {
			isa = XCBuildConfiguration;
			buildSettings = {
				BUNDLE_LOADER = "$(BUILT_PRODUCTS_DIR)/RPNCalculator.app/RPNCalculator";
				FRAMEWORK_SEARCH_PATHS = (
					"$(SDKROOT)/Developer/Library/Frameworks",
					"$(DEVELOPER_LIBRARY_DIR)/Frameworks",
				);
				GCC_PRECOMPILE_PREFIX_HEADER = YES;
				GCC_PREFIX_HEADER = "RPNCalculator/RPNCalculator-Prefix.pch";
				INFOPLIST_FILE = "RPNCalculatorTests/RPNCalculatorTests-Info.plist";
				PRODUCT_NAME = "$(TARGET_NAME)";
				TEST_HOST = "$(BUNDLE_LOADER)";
				WRAPPER_EXTENSION = octest;
			};
			name = Release;
		};
/* End XCBuildConfiguration section */

/* Begin XCConfigurationList section */
		046A294014E4498300EE6DA9 /* Build configuration list for PBXProject "RPNCalculator" */ = {
			isa = XCConfigurationList;
			buildConfigurations = (
				046A297714E4498400EE6DA9 /* Debug */,
				046A297814E4498400EE6DA9 /* Release */,
			);
			defaultConfigurationIsVisible = 0;
			defaultConfigurationName = Release;
		};
		046A297914E4498400EE6DA9 /* Build configuration list for PBXNativeTarget "RPNCalculator" */ = {
			isa = XCConfigurationList;
			buildConfigurations = (
				046A297A14E4498400EE6DA9 /* Debug */,
				046A297B14E4498400EE6DA9 /* Release */,
			);
			defaultConfigurationIsVisible = 0;
		};
		046A297C14E4498400EE6DA9 /* Build configuration list for PBXNativeTarget "RPNCalculatorTests" */ = {
			isa = XCConfigurationList;
			buildConfigurations = (
				046A297D14E4498400EE6DA9 /* Debug */,
				046A297E14E4498400EE6DA9 /* Release */,
			);
			defaultConfigurationIsVisible = 0;
		};
/* End XCConfigurationList section */
	};
	rootObject = 046A293D14E4498300EE6DA9 /* Project object */;
}
