// !$*UTF8*$!
{
	archiveVersion = 1;
	classes = {
	};
	objectVersion = 46;
	objects = {

/* Begin PBXBuildFile section */
		046A29FC14E9BF1C00EE6DA9 /* UIKit.framework in Frameworks */ = {isa = PBXBuildFile; fileRef = 046A29FB14E9BF1C00EE6DA9 /* UIKit.framework */; };
		046A29FE14E9BF1C00EE6DA9 /* Foundation.framework in Frameworks */ = {isa = PBXBuildFile; fileRef = 046A29FD14E9BF1C00EE6DA9 /* Foundation.framework */; };
		046A2A0014E9BF1C00EE6DA9 /* CoreGraphics.framework in Frameworks */ = {isa = PBXBuildFile; fileRef = 046A29FF14E9BF1C00EE6DA9 /* CoreGraphics.framework */; };
		046A2A0614E9BF1C00EE6DA9 /* InfoPlist.strings in Resources */ = {isa = PBXBuildFile; fileRef = 046A2A0414E9BF1C00EE6DA9 /* InfoPlist.strings */; };
		046A2A0814E9BF1C00EE6DA9 /* main.m in Sources */ = {isa = PBXBuildFile; fileRef = 046A2A0714E9BF1C00EE6DA9 /* main.m */; };
		046A2A0C14E9BF1C00EE6DA9 /* PsychologistAppDelegate.m in Sources */ = {isa = PBXBuildFile; fileRef = 046A2A0B14E9BF1C00EE6DA9 /* PsychologistAppDelegate.m */; };
		046A2A0F14E9BF1C00EE6DA9 /* iPhone.storyboard in Resources */ = {isa = PBXBuildFile; fileRef = 046A2A0D14E9BF1C00EE6DA9 /* iPhone.storyboard */; };
		046A2A1214E9BF1C00EE6DA9 /* PsychologistViewController.m in Sources */ = {isa = PBXBuildFile; fileRef = 046A2A1114E9BF1C00EE6DA9 /* PsychologistViewController.m */; };
		046A2A1A14E9BF1D00EE6DA9 /* SenTestingKit.framework in Frameworks */ = {isa = PBXBuildFile; fileRef = 046A2A1914E9BF1D00EE6DA9 /* SenTestingKit.framework */; };
		046A2A1B14E9BF1D00EE6DA9 /* UIKit.framework in Frameworks */ = {isa = PBXBuildFile; fileRef = 046A29FB14E9BF1C00EE6DA9 /* UIKit.framework */; };
		046A2A1C14E9BF1D00EE6DA9 /* Foundation.framework in Frameworks */ = {isa = PBXBuildFile; fileRef = 046A29FD14E9BF1C00EE6DA9 /* Foundation.framework */; };
		046A2A2414E9BF1D00EE6DA9 /* InfoPlist.strings in Resources */ = {isa = PBXBuildFile; fileRef = 046A2A2214E9BF1D00EE6DA9 /* InfoPlist.strings */; };
		046A2A2714E9BF1D00EE6DA9 /* PsycholologistTests.m in Sources */ = {isa = PBXBuildFile; fileRef = 046A2A2614E9BF1D00EE6DA9 /* PsycholologistTests.m */; };
		046A2A3414E9C1A000EE6DA9 /* FaceView.m in Sources */ = {isa = PBXBuildFile; fileRef = 046A2A3114E9C1A000EE6DA9 /* FaceView.m */; };
		046A2A3514E9C1A000EE6DA9 /* HappinessViewController.m in Sources */ = {isa = PBXBuildFile; fileRef = 046A2A3314E9C1A000EE6DA9 /* HappinessViewController.m */; };
		046A2A3814E9E90D00EE6DA9 /* RotatableViewController.m in Sources */ = {isa = PBXBuildFile; fileRef = 046A2A3714E9E90D00EE6DA9 /* RotatableViewController.m */; };
		046A2A3A14E9EA8600EE6DA9 /* iPad.storyboard in Resources */ = {isa = PBXBuildFile; fileRef = 046A2A3914E9EA8600EE6DA9 /* iPad.storyboard */; };
		0478298C14F59BD900F89F28 /* DrPillWebsiteViewController.m in Sources */ = {isa = PBXBuildFile; fileRef = 0478298B14F59BD900F89F28 /* DrPillWebsiteViewController.m */; };
/* End PBXBuildFile section */

/* Begin PBXContainerItemProxy section */
		046A2A1D14E9BF1D00EE6DA9 /* PBXContainerItemProxy */ = {
			isa = PBXContainerItemProxy;
			containerPortal = 046A29EE14E9BF1C00EE6DA9 /* Project object */;
			proxyType = 1;
			remoteGlobalIDString = 046A29F614E9BF1C00EE6DA9;
			remoteInfo = Psycholologist;
		};
/* End PBXContainerItemProxy section */

/* Begin PBXFileReference section */
		0437F8A014E9F29500336FE1 /* SplitViewBarButtonItemPresenter.h */ = {isa = PBXFileReference; fileEncoding = 4; lastKnownFileType = sourcecode.c.h; path = SplitViewBarButtonItemPresenter.h; sourceTree = "<group>"; };
		046A29F714E9BF1C00EE6DA9 /* Psycholologist.app */ = {isa = PBXFileReference; explicitFileType = wrapper.application; includeInIndex = 0; path = Psycholologist.app; sourceTree = BUILT_PRODUCTS_DIR; };
		046A29FB14E9BF1C00EE6DA9 /* UIKit.framework */ = {isa = PBXFileReference; lastKnownFileType = wrapper.framework; name = UIKit.framework; path = System/Library/Frameworks/UIKit.framework; sourceTree = SDKROOT; };
		046A29FD14E9BF1C00EE6DA9 /* Foundation.framework */ = {isa = PBXFileReference; lastKnownFileType = wrapper.framework; name = Foundation.framework; path = System/Library/Frameworks/Foundation.framework; sourceTree = SDKROOT; };
		046A29FF14E9BF1C00EE6DA9 /* CoreGraphics.framework */ = {isa = PBXFileReference; lastKnownFileType = wrapper.framework; name = CoreGraphics.framework; path = System/Library/Frameworks/CoreGraphics.framework; sourceTree = SDKROOT; };
		046A2A0314E9BF1C00EE6DA9 /* Psycholologist-Info.plist */ = {isa = PBXFileReference; lastKnownFileType = text.plist.xml; path = "Psycholologist-Info.plist"; sourceTree = "<group>"; };
		046A2A0514E9BF1C00EE6DA9 /* en */ = {isa = PBXFileReference; lastKnownFileType = text.plist.strings; name = en; path = en.lproj/InfoPlist.strings; sourceTree = "<group>"; };
		046A2A0714E9BF1C00EE6DA9 /* main.m */ = {isa = PBXFileReference; lastKnownFileType = sourcecode.c.objc; path = main.m; sourceTree = "<group>"; };
		046A2A0914E9BF1C00EE6DA9 /* Psycholologist-Prefix.pch */ = {isa = PBXFileReference; lastKnownFileType = sourcecode.c.h; path = "Psycholologist-Prefix.pch"; sourceTree = "<group>"; };
		046A2A0A14E9BF1C00EE6DA9 /* PsychologistAppDelegate.h */ = {isa = PBXFileReference; lastKnownFileType = sourcecode.c.h; path = PsychologistAppDelegate.h; sourceTree = "<group>"; };
		046A2A0B14E9BF1C00EE6DA9 /* PsychologistAppDelegate.m */ = {isa = PBXFileReference; lastKnownFileType = sourcecode.c.objc; path = PsychologistAppDelegate.m; sourceTree = "<group>"; };
		046A2A0E14E9BF1C00EE6DA9 /* en */ = {isa = PBXFileReference; lastKnownFileType = file.storyboard; name = en; path = en.lproj/iPhone.storyboard; sourceTree = "<group>"; };
		046A2A1014E9BF1C00EE6DA9 /* PsychologistViewController.h */ = {isa = PBXFileReference; lastKnownFileType = sourcecode.c.h; path = PsychologistViewController.h; sourceTree = "<group>"; };
		046A2A1114E9BF1C00EE6DA9 /* PsychologistViewController.m */ = {isa = PBXFileReference; lastKnownFileType = sourcecode.c.objc; path = PsychologistViewController.m; sourceTree = "<group>"; };
		046A2A1814E9BF1D00EE6DA9 /* PsycholologistTests.octest */ = {isa = PBXFileReference; explicitFileType = wrapper.cfbundle; includeInIndex = 0; path = PsycholologistTests.octest; sourceTree = BUILT_PRODUCTS_DIR; };
		046A2A1914E9BF1D00EE6DA9 /* SenTestingKit.framework */ = {isa = PBXFileReference; lastKnownFileType = wrapper.framework; name = SenTestingKit.framework; path = Library/Frameworks/SenTestingKit.framework; sourceTree = DEVELOPER_DIR; };
		046A2A2114E9BF1D00EE6DA9 /* PsycholologistTests-Info.plist */ = {isa = PBXFileReference; lastKnownFileType = text.plist.xml; path = "PsycholologistTests-Info.plist"; sourceTree = "<group>"; };
		046A2A2314E9BF1D00EE6DA9 /* en */ = {isa = PBXFileReference; lastKnownFileType = text.plist.strings; name = en; path = en.lproj/InfoPlist.strings; sourceTree = "<group>"; };
		046A2A2514E9BF1D00EE6DA9 /* PsycholologistTests.h */ = {isa = PBXFileReference; lastKnownFileType = sourcecode.c.h; path = PsycholologistTests.h; sourceTree = "<group>"; };
		046A2A2614E9BF1D00EE6DA9 /* PsycholologistTests.m */ = {isa = PBXFileReference; lastKnownFileType = sourcecode.c.objc; path = PsycholologistTests.m; sourceTree = "<group>"; };
		046A2A3014E9C1A000EE6DA9 /* FaceView.h */ = {isa = PBXFileReference; fileEncoding = 4; lastKnownFileType = sourcecode.c.h; path = FaceView.h; sourceTree = "<group>"; };
		046A2A3114E9C1A000EE6DA9 /* FaceView.m */ = {isa = PBXFileReference; fileEncoding = 4; lastKnownFileType = sourcecode.c.objc; path = FaceView.m; sourceTree = "<group>"; };
		046A2A3214E9C1A000EE6DA9 /* HappinessViewController.h */ = {isa = PBXFileReference; fileEncoding = 4; lastKnownFileType = sourcecode.c.h; path = HappinessViewController.h; sourceTree = "<group>"; };
		046A2A3314E9C1A000EE6DA9 /* HappinessViewController.m */ = {isa = PBXFileReference; fileEncoding = 4; lastKnownFileType = sourcecode.c.objc; path = HappinessViewController.m; sourceTree = "<group>"; };
		046A2A3614E9E90D00EE6DA9 /* RotatableViewController.h */ = {isa = PBXFileReference; fileEncoding = 4; lastKnownFileType = sourcecode.c.h; path = RotatableViewController.h; sourceTree = "<group>"; };
		046A2A3714E9E90D00EE6DA9 /* RotatableViewController.m */ = {isa = PBXFileReference; fileEncoding = 4; lastKnownFileType = sourcecode.c.objc; path = RotatableViewController.m; sourceTree = "<group>"; };
		046A2A3914E9EA8600EE6DA9 /* iPad.storyboard */ = {isa = PBXFileReference; fileEncoding = 4; lastKnownFileType = file.storyboard; path = iPad.storyboard; sourceTree = "<group>"; };
		0478298A14F59BD900F89F28 /* DrPillWebsiteViewController.h */ = {isa = PBXFileReference; fileEncoding = 4; lastKnownFileType = sourcecode.c.h; path = DrPillWebsiteViewController.h; sourceTree = "<group>"; };
		0478298B14F59BD900F89F28 /* DrPillWebsiteViewController.m */ = {isa = PBXFileReference; fileEncoding = 4; lastKnownFileType = sourcecode.c.objc; path = DrPillWebsiteViewController.m; sourceTree = "<group>"; };
/* End PBXFileReference section */

/* Begin PBXFrameworksBuildPhase section */
		046A29F414E9BF1C00EE6DA9 /* Frameworks */ = {
			isa = PBXFrameworksBuildPhase;
			buildActionMask = 2147483647;
			files = (
				046A29FC14E9BF1C00EE6DA9 /* UIKit.framework in Frameworks */,
				046A29FE14E9BF1C00EE6DA9 /* Foundation.framework in Frameworks */,
				046A2A0014E9BF1C00EE6DA9 /* CoreGraphics.framework in Frameworks */,
			);
			runOnlyForDeploymentPostprocessing = 0;
		};
		046A2A1414E9BF1D00EE6DA9 /* Frameworks */ = {
			isa = PBXFrameworksBuildPhase;
			buildActionMask = 2147483647;
			files = (
				046A2A1A14E9BF1D00EE6DA9 /* SenTestingKit.framework in Frameworks */,
				046A2A1B14E9BF1D00EE6DA9 /* UIKit.framework in Frameworks */,
				046A2A1C14E9BF1D00EE6DA9 /* Foundation.framework in Frameworks */,
			);
			runOnlyForDeploymentPostprocessing = 0;
		};
/* End PBXFrameworksBuildPhase section */

/* Begin PBXGroup section */
		046A29EC14E9BF1C00EE6DA9 = {
			isa = PBXGroup;
			children = (
				046A2A0114E9BF1C00EE6DA9 /* Psycholologist */,
				046A2A1F14E9BF1D00EE6DA9 /* PsycholologistTests */,
				046A29FA14E9BF1C00EE6DA9 /* Frameworks */,
				046A29F814E9BF1C00EE6DA9 /* Products */,
			);
			sourceTree = "<group>";
		};
		046A29F814E9BF1C00EE6DA9 /* Products */ = {
			isa = PBXGroup;
			children = (
				046A29F714E9BF1C00EE6DA9 /* Psycholologist.app */,
				046A2A1814E9BF1D00EE6DA9 /* PsycholologistTests.octest */,
			);
			name = Products;
			sourceTree = "<group>";
		};
		046A29FA14E9BF1C00EE6DA9 /* Frameworks */ = {
			isa = PBXGroup;
			children = (
				046A29FB14E9BF1C00EE6DA9 /* UIKit.framework */,
				046A29FD14E9BF1C00EE6DA9 /* Foundation.framework */,
				046A29FF14E9BF1C00EE6DA9 /* CoreGraphics.framework */,
				046A2A1914E9BF1D00EE6DA9 /* SenTestingKit.framework */,
			);
			name = Frameworks;
			sourceTree = "<group>";
		};
		046A2A0114E9BF1C00EE6DA9 /* Psycholologist */ = {
			isa = PBXGroup;
			children = (
				046A2A3914E9EA8600EE6DA9 /* iPad.storyboard */,
				046A2A0A14E9BF1C00EE6DA9 /* PsychologistAppDelegate.h */,
				046A2A0B14E9BF1C00EE6DA9 /* PsychologistAppDelegate.m */,
				046A2A0D14E9BF1C00EE6DA9 /* iPhone.storyboard */,
				0478298A14F59BD900F89F28 /* DrPillWebsiteViewController.h */,
				0478298B14F59BD900F89F28 /* DrPillWebsiteViewController.m */,
				046A2A3614E9E90D00EE6DA9 /* RotatableViewController.h */,
				046A2A3714E9E90D00EE6DA9 /* RotatableViewController.m */,
				0437F8A014E9F29500336FE1 /* SplitViewBarButtonItemPresenter.h */,
				046A2A1014E9BF1C00EE6DA9 /* PsychologistViewController.h */,
				046A2A1114E9BF1C00EE6DA9 /* PsychologistViewController.m */,
				046A2A3014E9C1A000EE6DA9 /* FaceView.h */,
				046A2A3114E9C1A000EE6DA9 /* FaceView.m */,
				046A2A3214E9C1A000EE6DA9 /* HappinessViewController.h */,
				046A2A3314E9C1A000EE6DA9 /* HappinessViewController.m */,
				046A2A0214E9BF1C00EE6DA9 /* Supporting Files */,
			);
			path = Psycholologist;
			sourceTree = "<group>";
		};
		046A2A0214E9BF1C00EE6DA9 /* Supporting Files */ = {
			isa = PBXGroup;
			children = (
				046A2A0314E9BF1C00EE6DA9 /* Psycholologist-Info.plist */,
				046A2A0414E9BF1C00EE6DA9 /* InfoPlist.strings */,
				046A2A0714E9BF1C00EE6DA9 /* main.m */,
				046A2A0914E9BF1C00EE6DA9 /* Psycholologist-Prefix.pch */,
			);
			name = "Supporting Files";
			sourceTree = "<group>";
		};
		046A2A1F14E9BF1D00EE6DA9 /* PsycholologistTests */ = {
			isa = PBXGroup;
			children = (
				046A2A2514E9BF1D00EE6DA9 /* PsycholologistTests.h */,
				046A2A2614E9BF1D00EE6DA9 /* PsycholologistTests.m */,
				046A2A2014E9BF1D00EE6DA9 /* Supporting Files */,
			);
			path = PsycholologistTests;
			sourceTree = "<group>";
		};
		046A2A2014E9BF1D00EE6DA9 /* Supporting Files */ = {
			isa = PBXGroup;
			children = (
				046A2A2114E9BF1D00EE6DA9 /* PsycholologistTests-Info.plist */,
				046A2A2214E9BF1D00EE6DA9 /* InfoPlist.strings */,
			);
			name = "Supporting Files";
			sourceTree = "<group>";
		};
/* End PBXGroup section */

/* Begin PBXNativeTarget section */
		046A29F614E9BF1C00EE6DA9 /* Psycholologist */ = {
			isa = PBXNativeTarget;
			buildConfigurationList = 046A2A2A14E9BF1D00EE6DA9 /* Build configuration list for PBXNativeTarget "Psycholologist" */;
			buildPhases = (
				046A29F314E9BF1C00EE6DA9 /* Sources */,
				046A29F414E9BF1C00EE6DA9 /* Frameworks */,
				046A29F514E9BF1C00EE6DA9 /* Resources */,
			);
			buildRules = (
			);
			dependencies = (
			);
			name = Psycholologist;
			productName = Psycholologist;
			productReference = 046A29F714E9BF1C00EE6DA9 /* Psycholologist.app */;
			productType = "com.apple.product-type.application";
		};
		046A2A1714E9BF1D00EE6DA9 /* PsycholologistTests */ = {
			isa = PBXNativeTarget;
			buildConfigurationList = 046A2A2D14E9BF1D00EE6DA9 /* Build configuration list for PBXNativeTarget "PsycholologistTests" */;
			buildPhases = (
				046A2A1314E9BF1D00EE6DA9 /* Sources */,
				046A2A1414E9BF1D00EE6DA9 /* Frameworks */,
				046A2A1514E9BF1D00EE6DA9 /* Resources */,
				046A2A1614E9BF1D00EE6DA9 /* ShellScript */,
			);
			buildRules = (
			);
			dependencies = (
				046A2A1E14E9BF1D00EE6DA9 /* PBXTargetDependency */,
			);
			name = PsycholologistTests;
			productName = PsycholologistTests;
			productReference = 046A2A1814E9BF1D00EE6DA9 /* PsycholologistTests.octest */;
			productType = "com.apple.product-type.bundle";
		};
/* End PBXNativeTarget section */

/* Begin PBXProject section */
		046A29EE14E9BF1C00EE6DA9 /* Project object */ = {
			isa = PBXProject;
			attributes = {
				LastUpgradeCheck = 0420;
			};
			buildConfigurationList = 046A29F114E9BF1C00EE6DA9 /* Build configuration list for PBXProject "Psycholologist" */;
			compatibilityVersion = "Xcode 3.2";
			developmentRegion = English;
			hasScannedForEncodings = 0;
			knownRegions = (
				en,
			);
			mainGroup = 046A29EC14E9BF1C00EE6DA9;
			productRefGroup = 046A29F814E9BF1C00EE6DA9 /* Products */;
			projectDirPath = "";
			projectRoot = "";
			targets = (
				046A29F614E9BF1C00EE6DA9 /* Psycholologist */,
				046A2A1714E9BF1D00EE6DA9 /* PsycholologistTests */,
			);
		};
/* End PBXProject section */

/* Begin PBXResourcesBuildPhase section */
		046A29F514E9BF1C00EE6DA9 /* Resources */ = {
			isa = PBXResourcesBuildPhase;
			buildActionMask = 2147483647;
			files = (
				046A2A0614E9BF1C00EE6DA9 /* InfoPlist.strings in Resources */,
				046A2A0F14E9BF1C00EE6DA9 /* iPhone.storyboard in Resources */,
				046A2A3A14E9EA8600EE6DA9 /* iPad.storyboard in Resources */,
			);
			runOnlyForDeploymentPostprocessing = 0;
		};
		046A2A1514E9BF1D00EE6DA9 /* Resources */ = {
			isa = PBXResourcesBuildPhase;
			buildActionMask = 2147483647;
			files = (
				046A2A2414E9BF1D00EE6DA9 /* InfoPlist.strings in Resources */,
			);
			runOnlyForDeploymentPostprocessing = 0;
		};
/* End PBXResourcesBuildPhase section */

/* Begin PBXShellScriptBuildPhase section */
		046A2A1614E9BF1D00EE6DA9 /* ShellScript */ = {
			isa = PBXShellScriptBuildPhase;
			buildActionMask = 2147483647;
			files = (
			);
			inputPaths = (
			);
			outputPaths = (
			);
			runOnlyForDeploymentPostprocessing = 0;
			shellPath = /bin/sh;
			shellScript = "# Run the unit tests in this test bundle.\n\"${SYSTEM_DEVELOPER_DIR}/Tools/RunUnitTests\"\n";
		};
/* End PBXShellScriptBuildPhase section */

/* Begin PBXSourcesBuildPhase section */
		046A29F314E9BF1C00EE6DA9 /* Sources */ = {
			isa = PBXSourcesBuildPhase;
			buildActionMask = 2147483647;
			files = (
				046A2A0814E9BF1C00EE6DA9 /* main.m in Sources */,
				046A2A0C14E9BF1C00EE6DA9 /* PsychologistAppDelegate.m in Sources */,
				046A2A1214E9BF1C00EE6DA9 /* PsychologistViewController.m in Sources */,
				046A2A3414E9C1A000EE6DA9 /* FaceView.m in Sources */,
				046A2A3514E9C1A000EE6DA9 /* HappinessViewController.m in Sources */,
				046A2A3814E9E90D00EE6DA9 /* RotatableViewController.m in Sources */,
				0478298C14F59BD900F89F28 /* DrPillWebsiteViewController.m in Sources */,
			);
			runOnlyForDeploymentPostprocessing = 0;
		};
		046A2A1314E9BF1D00EE6DA9 /* Sources */ = {
			isa = PBXSourcesBuildPhase;
			buildActionMask = 2147483647;
			files = (
				046A2A2714E9BF1D00EE6DA9 /* PsycholologistTests.m in Sources */,
			);
			runOnlyForDeploymentPostprocessing = 0;
		};
/* End PBXSourcesBuildPhase section */

/* Begin PBXTargetDependency section */
		046A2A1E14E9BF1D00EE6DA9 /* PBXTargetDependency */ = {
			isa = PBXTargetDependency;
			target = 046A29F614E9BF1C00EE6DA9 /* Psycholologist */;
			targetProxy = 046A2A1D14E9BF1D00EE6DA9 /* PBXContainerItemProxy */;
		};
/* End PBXTargetDependency section */

/* Begin PBXVariantGroup section */
		046A2A0414E9BF1C00EE6DA9 /* InfoPlist.strings */ = {
			isa = PBXVariantGroup;
			children = (
				046A2A0514E9BF1C00EE6DA9 /* en */,
			);
			name = InfoPlist.strings;
			sourceTree = "<group>";
		};
		046A2A0D14E9BF1C00EE6DA9 /* iPhone.storyboard */ = {
			isa = PBXVariantGroup;
			children = (
				046A2A0E14E9BF1C00EE6DA9 /* en */,
			);
			name = iPhone.storyboard;
			sourceTree = "<group>";
		};
		046A2A2214E9BF1D00EE6DA9 /* InfoPlist.strings */ = {
			isa = PBXVariantGroup;
			children = (
				046A2A2314E9BF1D00EE6DA9 /* en */,
			);
			name = InfoPlist.strings;
			sourceTree = "<group>";
		};
/* End PBXVariantGroup section */

/* Begin XCBuildConfiguration section */
		046A2A2814E9BF1D00EE6DA9 /* Debug */ = {
			isa = XCBuildConfiguration;
			buildSettings = {
				ALWAYS_SEARCH_USER_PATHS = NO;
				ARCHS = "$(ARCHS_STANDARD_32_BIT)";
				CLANG_ENABLE_OBJC_ARC = YES;
				"CODE_SIGN_IDENTITY[sdk=iphoneos*]" = "iPhone Developer";
				COPY_PHASE_STRIP = NO;
				GCC_C_LANGUAGE_STANDARD = gnu99;
				GCC_DYNAMIC_NO_PIC = NO;
				GCC_OPTIMIZATION_LEVEL = 0;
				GCC_PREPROCESSOR_DEFINITIONS = (
					"DEBUG=1",
					"$(inherited)",
				);
				GCC_SYMBOLS_PRIVATE_EXTERN = NO;
				GCC_VERSION = com.apple.compilers.llvm.clang.1_0;
				GCC_WARN_ABOUT_MISSING_PROTOTYPES = YES;
				GCC_WARN_ABOUT_RETURN_TYPE = YES;
				GCC_WARN_UNUSED_VARIABLE = YES;
				IPHONEOS_DEPLOYMENT_TARGET = 5.0;
				SDKROOT = iphoneos;
			};
			name = Debug;
		};
		046A2A2914E9BF1D00EE6DA9 /* Release */ = {
			isa = XCBuildConfiguration;
			buildSettings = {
				ALWAYS_SEARCH_USER_PATHS = NO;
				ARCHS = "$(ARCHS_STANDARD_32_BIT)";
				CLANG_ENABLE_OBJC_ARC = YES;
				"CODE_SIGN_IDENTITY[sdk=iphoneos*]" = "iPhone Developer";
				COPY_PHASE_STRIP = YES;
				GCC_C_LANGUAGE_STANDARD = gnu99;
				GCC_VERSION = com.apple.compilers.llvm.clang.1_0;
				GCC_WARN_ABOUT_MISSING_PROTOTYPES = YES;
				GCC_WARN_ABOUT_RETURN_TYPE = YES;
				GCC_WARN_UNUSED_VARIABLE = YES;
				IPHONEOS_DEPLOYMENT_TARGET = 5.0;
				OTHER_CFLAGS = "-DNS_BLOCK_ASSERTIONS=1";
				SDKROOT = iphoneos;
				VALIDATE_PRODUCT = YES;
			};
			name = Release;
		};
		046A2A2B14E9BF1D00EE6DA9 /* Debug */ = {
			isa = XCBuildConfiguration;
			buildSettings = {
				GCC_PRECOMPILE_PREFIX_HEADER = YES;
				GCC_PREFIX_HEADER = "Psycholologist/Psycholologist-Prefix.pch";
				INFOPLIST_FILE = "Psycholologist/Psycholologist-Info.plist";
				IPHONEOS_DEPLOYMENT_TARGET = 5.0;
				PRODUCT_NAME = "$(TARGET_NAME)";
				TARGETED_DEVICE_FAMILY = "1,2";
				WRAPPER_EXTENSION = app;
			};
			name = Debug;
		};
		046A2A2C14E9BF1D00EE6DA9 /* Release */ = {
			isa = XCBuildConfiguration;
			buildSettings = {
				GCC_PRECOMPILE_PREFIX_HEADER = YES;
				GCC_PREFIX_HEADER = "Psycholologist/Psycholologist-Prefix.pch";
				INFOPLIST_FILE = "Psycholologist/Psycholologist-Info.plist";
				IPHONEOS_DEPLOYMENT_TARGET = 5.0;
				PRODUCT_NAME = "$(TARGET_NAME)";
				TARGETED_DEVICE_FAMILY = "1,2";
				WRAPPER_EXTENSION = app;
			};
			name = Release;
		};
		046A2A2E14E9BF1D00EE6DA9 /* Debug */ = {
			isa = XCBuildConfiguration;
			buildSettings = {
				BUNDLE_LOADER = "$(BUILT_PRODUCTS_DIR)/Psycholologist.app/Psycholologist";
				FRAMEWORK_SEARCH_PATHS = (
					"$(SDKROOT)/Developer/Library/Frameworks",
					"$(DEVELOPER_LIBRARY_DIR)/Frameworks",
				);
				GCC_PRECOMPILE_PREFIX_HEADER = YES;
				GCC_PREFIX_HEADER = "Psycholologist/Psycholologist-Prefix.pch";
				INFOPLIST_FILE = "PsycholologistTests/PsycholologistTests-Info.plist";
				PRODUCT_NAME = "$(TARGET_NAME)";
				TEST_HOST = "$(BUNDLE_LOADER)";
				WRAPPER_EXTENSION = octest;
			};
			name = Debug;
		};
		046A2A2F14E9BF1D00EE6DA9 /* Release */ = {
			isa = XCBuildConfiguration;
			buildSettings = {
				BUNDLE_LOADER = "$(BUILT_PRODUCTS_DIR)/Psycholologist.app/Psycholologist";
				FRAMEWORK_SEARCH_PATHS = (
					"$(SDKROOT)/Developer/Library/Frameworks",
					"$(DEVELOPER_LIBRARY_DIR)/Frameworks",
				);
				GCC_PRECOMPILE_PREFIX_HEADER = YES;
				GCC_PREFIX_HEADER = "Psycholologist/Psycholologist-Prefix.pch";
				INFOPLIST_FILE = "PsycholologistTests/PsycholologistTests-Info.plist";
				PRODUCT_NAME = "$(TARGET_NAME)";
				TEST_HOST = "$(BUNDLE_LOADER)";
				WRAPPER_EXTENSION = octest;
			};
			name = Release;
		};
/* End XCBuildConfiguration section */

/* Begin XCConfigurationList section */
		046A29F114E9BF1C00EE6DA9 /* Build configuration list for PBXProject "Psycholologist" */ = {
			isa = XCConfigurationList;
			buildConfigurations = (
				046A2A2814E9BF1D00EE6DA9 /* Debug */,
				046A2A2914E9BF1D00EE6DA9 /* Release */,
			);
			defaultConfigurationIsVisible = 0;
			defaultConfigurationName = Release;
		};
		046A2A2A14E9BF1D00EE6DA9 /* Build configuration list for PBXNativeTarget "Psycholologist" */ = {
			isa = XCConfigurationList;
			buildConfigurations = (
				046A2A2B14E9BF1D00EE6DA9 /* Debug */,
				046A2A2C14E9BF1D00EE6DA9 /* Release */,
			);
			defaultConfigurationIsVisible = 0;
			defaultConfigurationName = Release;
		};
		046A2A2D14E9BF1D00EE6DA9 /* Build configuration list for PBXNativeTarget "PsycholologistTests" */ = {
			isa = XCConfigurationList;
			buildConfigurations = (
				046A2A2E14E9BF1D00EE6DA9 /* Debug */,
				046A2A2F14E9BF1D00EE6DA9 /* Release */,
			);
			defaultConfigurationIsVisible = 0;
			defaultConfigurationName = Release;
		};
/* End XCConfigurationList section */
	};
	rootObject = 046A29EE14E9BF1C00EE6DA9 /* Project object */;
}
